%{"bbmustache": {:hex, :bbmustache, "1.0.3", "0fa96a57e0c7b53a5429d6d0be2c56699210dee97e63bc1c956726d99e7ea533", [:rebar], []},
  "bullet": {:git, "https://github.com/timCF/bullet.git", "99366f8b04e4b24d94171bd2d96c4c9f5028c6fe", []},
  "cachex": {:git, "https://github.com/timCF/cachex.git", "df5fc508ec8120d789e32189ea57b9eb18d63df5", []},
  "certifi": {:hex, :certifi, "0.4.0", "a7966efb868b179023618d29a407548f70c52466bf1849b9e8ebd0e34b7ea11f", [:rebar3], []},
  "combine": {:hex, :combine, "0.9.1", "5fd778ee77032ae593bf79aedb8519d9e36283e4f869abd98c2d6029ca476db8", [:mix], []},
  "conform": {:hex, :conform, "0.17.0", "e3610a337b7c44beb829f176cbb0795f78fe53a0183a524a04e0ebe0f76f9113", [:mix], [{:neotoma, "~> 1.7.3", [hex: :neotoma, optional: false]}]},
  "cowboy": {:git, "https://github.com/ninenines/cowboy.git", "db52494371ea249f38d51108c7d79cf487ff6374", [tag: "0.9.0"]},
  "cowlib": {:git, "git://github.com/extend/cowlib.git", "63298e8e160031a70efff86a1acde7e7db1fcda6", [ref: "0.4.0"]},
  "emysql": {:git, "https://github.com/timCF/Emysql.git", "a5564d1a1c6592986ebe5a3d2374bd5256b7c61a", []},
  "erlware_commons": {:hex, :erlware_commons, "0.15.0", "99a7aa84b5fdf423c0f2c7907a8443288f991b676cf22abac6f9b5a526ccc189", [:rebar], []},
  "exactor": {:git, "https://github.com/sasa1977/exactor.git", "0467f8100bc735405d597dbf94996195eb31e0b6", [tag: "0467f8100bc735405d597dbf94996195eb31e0b6"]},
  "exprotobuf": {:git, "https://github.com/bitwalker/exprotobuf.git", "258450733fe5ab75531d987e085da72eda0e2c2e", []},
  "exrm": {:git, "https://github.com/bitwalker/exrm.git", "ba7596cdc9f303708d7279b223408c19219c2ca3", [tag: "0.19.9"]},
  "extask": {:git, "https://github.com/timCF/extask.git", "691cc1a515750bead8b81ed6c13cddbcf115d754", []},
  "exutils": {:git, "https://github.com/timCF/exutils.git", "97dcc4c6f1d679ae77f8203ee8ba2dafa6c871c0", []},
  "getopt": {:hex, :getopt, "0.8.2", "b17556db683000ba50370b16c0619df1337e7af7ecbf7d64fbf8d1d6bce3109b", [:rebar], []},
  "gettext": {:hex, :gettext, "0.11.0", "80c1dd42d270482418fa158ec5ba073d2980e3718bacad86f3d4ad71d5667679", [:mix], []},
  "gpb": {:hex, :gpb, "3.21.3", "a2d02364c7d8d0c14102c86d70532ab3868f1b9da9812998b2e5d2e9e7f32bfb", [:rebar, :make], []},
  "hackney": {:hex, :hackney, "1.6.1", "ddd22d42db2b50e6a155439c8811b8f6df61a4395de10509714ad2751c6da817", [:rebar3], [{:ssl_verify_fun, "1.1.0", [hex: :ssl_verify_fun, optional: false]}, {:mimerl, "1.0.2", [hex: :mimerl, optional: false]}, {:metrics, "1.0.1", [hex: :metrics, optional: false]}, {:idna, "1.2.0", [hex: :idna, optional: false]}, {:certifi, "0.4.0", [hex: :certifi, optional: false]}]},
  "hashex": {:git, "https://github.com/timCF/hashex.git", "d10a5f3e724e7be016c9ff7420ef5eb3780c3dae", []},
  "idna": {:hex, :idna, "1.2.0", "ac62ee99da068f43c50dc69acf700e03a62a348360126260e87f2b54eced86b2", [:rebar3], []},
  "jazz": {:git, "https://github.com/meh/jazz.git", "49f335492aca5516495199dd81dd18b845ebaa69", []},
  "logex": {:git, "https://github.com/timCF/logex.git", "cec2390f0fa3772a2717e10d969e2f400c6fe5df", []},
  "metrics": {:hex, :metrics, "1.0.1", "25f094dea2cda98213cecc3aeff09e940299d950904393b2a29d191c346a8486", [:rebar3], []},
  "mimerl": {:hex, :mimerl, "1.0.2", "993f9b0e084083405ed8252b99460c4f0563e41729ab42d9074fd5e52439be88", [:rebar3], []},
  "mimetypes": {:git, "https://github.com/spawngrid/mimetypes.git", "47d37a977a7d633199822bf6b08353007483d00f", []},
  "neotoma": {:hex, :neotoma, "1.7.3", "d8bd5404b73273989946e4f4f6d529e5c2088f5fa1ca790b4dbe81f4be408e61", [:rebar], []},
  "pipe": {:git, "https://github.com/batate/elixir-pipes.git", "eba4a47c689e473b425ef59f92a51dc3b3f28f85", []},
  "pmaker": {:git, "https://github.com/timCF/pmaker.git", "6d1783bca21009165a16eb7848397894e3079e99", []},
  "providers": {:hex, :providers, "1.4.1", "e74176b29d4771544410af5022fe1306b100d0f57c9e0f3656bcff5962f87cd2", [:rebar], [{:getopt, "0.8.2", [hex: :getopt, optional: false]}]},
  "quickrand": {:hex, :quickrand, "1.5.2-rc1", "1345b1652dadc520692ee55f4d996d74d399a86c0265b53a24c8540803929cb4", [:rebar], []},
  "ranch": {:git, "git://github.com/extend/ranch.git", "5df1f222f94e08abdcab7084f5e13027143cc222", [ref: "0.9.0"]},
  "relx": {:hex, :relx, "3.5.0", "4f7461b8de9c000fd2fcc2f805b4454f50b6fb96339c506e26dc12f5a77c090f", [:rebar], [{:providers, "1.4.1", [hex: :providers, optional: false]}, {:getopt, "0.8.2", [hex: :getopt, optional: false]}, {:erlware_commons, "0.15.0", [hex: :erlware_commons, optional: false]}, {:bbmustache, "1.0.3", [hex: :bbmustache, optional: false]}]},
  "silverb": {:git, "https://github.com/timCF/silverb.git", "7a093e67590c4b38240a864ef8ef33ff82db3ad1", []},
  "sqlx": {:git, "https://github.com/timCF/sqlx.git", "faae18a3c9c3131919bf1aa1b39fe6e96a8f560e", []},
  "ssl_verify_fun": {:hex, :ssl_verify_fun, "1.1.0", "edee20847c42e379bf91261db474ffbe373f8acb56e9079acb6038d4e0bf414f", [:rebar, :make], []},
  "timex": {:git, "https://github.com/bitwalker/timex.git", "7c736b6624b692b613a8ce2ec1086439780657e0", [tag: "2.2.1"]},
  "tinca": {:git, "https://github.com/timCF/tinca.git", "5fcfa011477d7f14d8bc44f5dbd385f33c672818", []},
  "tzdata": {:hex, :tzdata, "0.5.8", "a4ffe564783c6519e4df230a5d0e1cf44b7db7f576bcae76d05540b5da5b6143", [:mix], [{:hackney, "~> 1.0", [hex: :hackney, optional: false]}]},
  "uuid": {:git, "https://github.com/okeuday/uuid.git", "fdd2861e2f5049c25d44ff342c9756ce64a2a783", []}}
